
Microsoft Visual Studio Solution File, Format Version 12.00
# Visual Studio 15
VisualStudioVersion = 15.0.27428.2037
MinimumVisualStudioVersion = 10.0.40219.1
Project("{FAE04EC0-301F-11D3-BF4B-00C04F79EFBC}") = "MMITest", "MMITest.csproj", "{8C1685BB-CD8D-4FC8-9E56-D7DA6885D7DE}"
EndProject
Project("{2150E333-8FDC-42A3-9474-1A3956D46DE8}") = "Graphen", "Graphen", "{D230BCED-4125-4F3A-8589-024213913430}"
	ProjectSection(SolutionItems) = preProject
		Fluss.txt = Fluss.txt
		Fluss2.txt = Fluss2.txt
		FlussTest.txt = FlussTest.txt
		G_10_20.txt = G_10_20.txt
		G_10_200.txt = G_10_200.txt
		G_1_2.txt = G_1_2.txt
		G_1_20.txt = G_1_20.txt
		G_1_200.txt = G_1_200.txt
		G_Test.txt = G_Test.txt
		Graph1.txt = Graph1.txt
		Graph2.txt = Graph2.txt
		Graph3.txt = Graph3.txt
		Graph4.txt = Graph4.txt
		K_10.txt = K_10.txt
		K_10e.txt = K_10e.txt
		K_12.txt = K_12.txt
		K_12e.txt = K_12e.txt
		K_15.txt = K_15.txt
		K_15e.txt = K_15e.txt
		K_20.txt = K_20.txt
		K_30.txt = K_30.txt
		K_50.txt = K_50.txt
		K_70.txt = K_70.txt
		KM1.txt = KM1.txt
		KM2.txt = KM2.txt
		KM3.txt = KM3.txt
		KM4.txt = KM4.txt
		KM5.txt = KM5.txt
	EndProjectSection
EndProject
Global
	GlobalSection(SolutionConfigurationPlatforms) = preSolution
		Debug|x86 = Debug|x86
		Release|x86 = Release|x86
	EndGlobalSection
	GlobalSection(ProjectConfigurationPlatforms) = postSolution
		{8C1685BB-CD8D-4FC8-9E56-D7DA6885D7DE}.Debug|x86.ActiveCfg = Debug|x86
		{8C1685BB-CD8D-4FC8-9E56-D7DA6885D7DE}.Debug|x86.Build.0 = Debug|x86
		{8C1685BB-CD8D-4FC8-9E56-D7DA6885D7DE}.Release|x86.ActiveCfg = Release|x86
		{8C1685BB-CD8D-4FC8-9E56-D7DA6885D7DE}.Release|x86.Build.0 = Release|x86
	EndGlobalSection
	GlobalSection(SolutionProperties) = preSolution
		HideSolutionNode = FALSE
	EndGlobalSection
	GlobalSection(ExtensibilityGlobals) = postSolution
		SolutionGuid = {73D2A437-F0BE-44EF-A088-303A50895D67}
	EndGlobalSection
EndGlobal
